
Microsoft Visual Studio Solution File, Format Version 12.00
# Visual Studio 15
Project("{FAE04EC0-301F-11D3-BF4B-00C04F79EFBC}") = "Assembly-CSharp", "Assembly-CSharp.csproj", "{8DDDE799-5A19-19A6-857E-8DB765DEC9E2}"
EndProject
Project("{FAE04EC0-301F-11D3-BF4B-00C04F79EFBC}") = "Assembly-CSharp-Editor", "Assembly-CSharp-Editor.csproj", "{E6B5E3C2-B6E7-8886-D30C-7D1C70A2C4F5}"
EndProject
Global
	GlobalSection(SolutionConfigurationPlatforms) = preSolution
		Debug|Any CPU = Debug|Any CPU
		Release|Any CPU = Release|Any CPU
	EndGlobalSection
	GlobalSection(ProjectConfigurationPlatforms) = postSolution
		{8DDDE799-5A19-19A6-857E-8DB765DEC9E2}.Debug|Any CPU.ActiveCfg = Debug|Any CPU
		{8DDDE799-5A19-19A6-857E-8DB765DEC9E2}.Debug|Any CPU.Build.0 = Debug|Any CPU
		{8DDDE799-5A19-19A6-857E-8DB765DEC9E2}.Release|Any CPU.ActiveCfg = Release|Any CPU
		{8DDDE799-5A19-19A6-857E-8DB765DEC9E2}.Release|Any CPU.Build.0 = Release|Any CPU
		{E6B5E3C2-B6E7-8886-D30C-7D1C70A2C4F5}.Debug|Any CPU.ActiveCfg = Debug|Any CPU
		{E6B5E3C2-B6E7-8886-D30C-7D1C70A2C4F5}.Debug|Any CPU.Build.0 = Debug|Any CPU
		{E6B5E3C2-B6E7-8886-D30C-7D1C70A2C4F5}.Release|Any CPU.ActiveCfg = Release|Any CPU
		{E6B5E3C2-B6E7-8886-D30C-7D1C70A2C4F5}.Release|Any CPU.Build.0 = Release|Any CPU
	EndGlobalSection
	GlobalSection(SolutionProperties) = preSolution
		HideSolutionNode = FALSE
	EndGlobalSection
EndGlobal
